
Microsoft Visual Studio Solution File, Format Version 12.00
# Visual Studio Version 17
VisualStudioVersion = 17.13.35828.75
MinimumVisualStudioVersion = 10.0.40219.1
Project("{FAE04EC0-301F-11D3-BF4B-00C04F79EFBC}") = "ConsoleApp 31_03", "ConsoleApp 31_03\ConsoleApp 31_03.csproj", "{38BE5702-A6DF-456C-8F25-244FB15368D6}"
EndProject
Project("{FAE04EC0-301F-11D3-BF4B-00C04F79EFBC}") = "ConsoleApp 31_03_02", "ConsoleApp 31_03_02\ConsoleApp 31_03_02.csproj", "{22B03E88-7B78-4BFF-89E9-EA347EE13441}"
EndProject
Global
	GlobalSection(SolutionConfigurationPlatforms) = preSolution
		Debug|Any CPU = Debug|Any CPU
		Release|Any CPU = Release|Any CPU
	EndGlobalSection
	GlobalSection(ProjectConfigurationPlatforms) = postSolution
		{38BE5702-A6DF-456C-8F25-244FB15368D6}.Debug|Any CPU.ActiveCfg = Debug|Any CPU
		{38BE5702-A6DF-456C-8F25-244FB15368D6}.Debug|Any CPU.Build.0 = Debug|Any CPU
		{38BE5702-A6DF-456C-8F25-244FB15368D6}.Release|Any CPU.ActiveCfg = Release|Any CPU
		{38BE5702-A6DF-456C-8F25-244FB15368D6}.Release|Any CPU.Build.0 = Release|Any CPU
		{22B03E88-7B78-4BFF-89E9-EA347EE13441}.Debug|Any CPU.ActiveCfg = Debug|Any CPU
		{22B03E88-7B78-4BFF-89E9-EA347EE13441}.Debug|Any CPU.Build.0 = Debug|Any CPU
		{22B03E88-7B78-4BFF-89E9-EA347EE13441}.Release|Any CPU.ActiveCfg = Release|Any CPU
		{22B03E88-7B78-4BFF-89E9-EA347EE13441}.Release|Any CPU.Build.0 = Release|Any CPU
	EndGlobalSection
	GlobalSection(SolutionProperties) = preSolution
		HideSolutionNode = FALSE
	EndGlobalSection
	GlobalSection(ExtensibilityGlobals) = postSolution
		SolutionGuid = {D798B20F-3723-4FBD-818E-3750D14AEF1A}
	EndGlobalSection
EndGlobal
